{
  "nodes": {
    "nixpkgs": {
      "locked": {
        "lastModified": 1680819799,
        "narHash": "sha256-zuHl2LNr1Bll64zfr7805Yvvu23S1e//5Up0oqvjknY=",
        "owner": "NixOS",
        "repo": "nixpkgs",
        "rev": "144133c526040a5140e89366ff72ac2d387e9bbb",
        "type": "github"
      },
      "original": {
        "id": "nixpkgs",
        "type": "indirect"
      }
    },
    "root": {
      "inputs": {
        "nixpkgs": "nixpkgs"
      }
    }
  },
  "root": "root",
  "version": 7
}
